
Microsoft Visual Studio Solution File, Format Version 12.00
# Visual Studio 15
VisualStudioVersion = 15.0.26730.16
MinimumVisualStudioVersion = 10.0.40219.1
Project("{FAE04EC0-301F-11D3-BF4B-00C04F79EFBC}") = "CLIPPY", "CLIPPY\CLIPPY.csproj", "{79760402-7B10-4F4C-BA4B-521486798ABD}"
EndProject
Project("{FAE04EC0-301F-11D3-BF4B-00C04F79EFBC}") = "CLIPPY.NET", "CLIPPY.NET\CLIPPY.NET.csproj", "{58AF8A47-A9BD-429F-9B5B-D5B6F03BC63B}"
EndProject
Global
	GlobalSection(SolutionConfigurationPlatforms) = preSolution
		Debug|Any CPU = Debug|Any CPU
		Release|Any CPU = Release|Any CPU
	EndGlobalSection
	GlobalSection(ProjectConfigurationPlatforms) = postSolution
		{79760402-7B10-4F4C-BA4B-521486798ABD}.Debug|Any CPU.ActiveCfg = Debug|Any CPU
		{79760402-7B10-4F4C-BA4B-521486798ABD}.Debug|Any CPU.Build.0 = Debug|Any CPU
		{79760402-7B10-4F4C-BA4B-521486798ABD}.Release|Any CPU.ActiveCfg = Release|Any CPU
		{79760402-7B10-4F4C-BA4B-521486798ABD}.Release|Any CPU.Build.0 = Release|Any CPU
		{58AF8A47-A9BD-429F-9B5B-D5B6F03BC63B}.Debug|Any CPU.ActiveCfg = Debug|Any CPU
		{58AF8A47-A9BD-429F-9B5B-D5B6F03BC63B}.Debug|Any CPU.Build.0 = Debug|Any CPU
		{58AF8A47-A9BD-429F-9B5B-D5B6F03BC63B}.Release|Any CPU.ActiveCfg = Release|Any CPU
		{58AF8A47-A9BD-429F-9B5B-D5B6F03BC63B}.Release|Any CPU.Build.0 = Release|Any CPU
	EndGlobalSection
	GlobalSection(SolutionProperties) = preSolution
		HideSolutionNode = FALSE
	EndGlobalSection
	GlobalSection(ExtensibilityGlobals) = postSolution
		SolutionGuid = {A32B2D5C-7F3D-4DD9-B367-8AE8E963DD11}
	EndGlobalSection
EndGlobal
